
Microsoft Visual Studio Solution File, Format Version 12.00
# Visual Studio Version 17
VisualStudioVersion = 17.2.32630.192
MinimumVisualStudioVersion = 10.0.40219.1
Project("{FAE04EC0-301F-11D3-BF4B-00C04F79EFBC}") = "Classes", "Classes\Classes.csproj", "{5F324B03-125B-4C40-BB13-BD0FFB43C365}"
EndProject
Global
	GlobalSection(SolutionConfigurationPlatforms) = preSolution
		Debug|Any CPU = Debug|Any CPU
		Release|Any CPU = Release|Any CPU
	EndGlobalSection
	GlobalSection(ProjectConfigurationPlatforms) = postSolution
		{5F324B03-125B-4C40-BB13-BD0FFB43C365}.Debug|Any CPU.ActiveCfg = Debug|Any CPU
		{5F324B03-125B-4C40-BB13-BD0FFB43C365}.Debug|Any CPU.Build.0 = Debug|Any CPU
		{5F324B03-125B-4C40-BB13-BD0FFB43C365}.Release|Any CPU.ActiveCfg = Release|Any CPU
		{5F324B03-125B-4C40-BB13-BD0FFB43C365}.Release|Any CPU.Build.0 = Release|Any CPU
	EndGlobalSection
	GlobalSection(SolutionProperties) = preSolution
		HideSolutionNode = FALSE
	EndGlobalSection
	GlobalSection(ExtensibilityGlobals) = postSolution
		SolutionGuid = {A56803CB-7707-4845-8ED5-997EBD2D8A72}
	EndGlobalSection
EndGlobal
